
Microsoft Visual Studio Solution File, Format Version 12.00
# Visual Studio 15
VisualStudioVersion = 15.0.26730.16
MinimumVisualStudioVersion = 10.0.40219.1
Project("{2150E333-8FDC-42A3-9474-1A3956D46DE8}") = "Shared Code", "Shared Code", "{B2F9EB9A-B534-4A67-B76F-AF2DDC1FD8B4}"
EndProject
Project("{2150E333-8FDC-42A3-9474-1A3956D46DE8}") = "Services", "Services", "{E066A3F5-1BCC-4DC2-B1D2-6F53BEA3B6C2}"
EndProject
Project("{9A19103F-16F7-4668-BE54-9A1E7A4F7556}") = "commLib", "..\commLib\commLib.csproj", "{DA57AE3F-28F6-48AB-8CDE-9A7738F78239}"
EndProject
Project("{9A19103F-16F7-4668-BE54-9A1E7A4F7556}") = "WebPortal", "..\WebPortal\WebPortal.csproj", "{8C8A6D3D-E111-4D63-A90E-10640592FA46}"
EndProject
Project("{2150E333-8FDC-42A3-9474-1A3956D46DE8}") = "Web Portal", "Web Portal", "{75DF4BA8-ECF3-4DC7-8A61-43259EC0C22B}"
EndProject
Project("{2150E333-8FDC-42A3-9474-1A3956D46DE8}") = "Business Modules", "Business Modules", "{E5703401-E459-4B22-B987-6FA9BD59557C}"
EndProject
Project("{2150E333-8FDC-42A3-9474-1A3956D46DE8}") = "Shared Services", "Shared Services", "{D00327F0-1205-41FE-AE87-1CB08400E912}"
EndProject
Project("{2150E333-8FDC-42A3-9474-1A3956D46DE8}") = "Administration", "Administration", "{4A0A5C2B-3F74-4D5A-AAAA-B3FBACB4767B}"
EndProject
Project("{9A19103F-16F7-4668-BE54-9A1E7A4F7556}") = "Admins", "Admins\Admins.csproj", "{11B3682F-DE41-455D-9B62-B46413FFDE19}"
EndProject
Project("{9A19103F-16F7-4668-BE54-9A1E7A4F7556}") = "Customers", "Customers\Customers.csproj", "{F7379200-3C1D-4006-9891-D8DAE99077EF}"
EndProject
Project("{9A19103F-16F7-4668-BE54-9A1E7A4F7556}") = "Providers", "Providers\Providers.csproj", "{27154C39-2016-4200-BC16-189BA114B60F}"
EndProject
Project("{FAE04EC0-301F-11D3-BF4B-00C04F79EFBC}") = "Hotels", "Hotels\Hotels.csproj", "{B94C35D6-90C7-4D1C-BDF8-4B15C1FFF485}"
EndProject
Project("{FAE04EC0-301F-11D3-BF4B-00C04F79EFBC}") = "Flights", "Flights\Flights.csproj", "{CBCED6D3-AB45-46ED-9864-F63F69E247EF}"
EndProject
Project("{FAE04EC0-301F-11D3-BF4B-00C04F79EFBC}") = "Travel", "Travel\Travel.csproj", "{4B19C726-1C76-4FAC-9039-A52B77B7B9A9}"
EndProject
Project("{FAE04EC0-301F-11D3-BF4B-00C04F79EFBC}") = "CarRentals", "CarRentals\CarRentals.csproj", "{150BFB61-0C41-409A-B1B3-FF8F1915E572}"
EndProject
Project("{FAE04EC0-301F-11D3-BF4B-00C04F79EFBC}") = "Food", "Food\Food.csproj", "{58182864-A77F-43AB-B07E-513A3FFA21A6}"
EndProject
Project("{FAE04EC0-301F-11D3-BF4B-00C04F79EFBC}") = "Payments", "Payments\Payments.csproj", "{D602C243-2789-4491-94E0-4E5D29E2CD95}"
EndProject
Project("{FAE04EC0-301F-11D3-BF4B-00C04F79EFBC}") = "Refunds", "Refunds\Refunds.csproj", "{C8F8F9BD-1D1F-473E-84C9-53E55B16EADF}"
EndProject
Global
	GlobalSection(SolutionConfigurationPlatforms) = preSolution
		Debug|Any CPU = Debug|Any CPU
		Release|Any CPU = Release|Any CPU
	EndGlobalSection
	GlobalSection(ProjectConfigurationPlatforms) = postSolution
		{DA57AE3F-28F6-48AB-8CDE-9A7738F78239}.Debug|Any CPU.ActiveCfg = Debug|Any CPU
		{DA57AE3F-28F6-48AB-8CDE-9A7738F78239}.Debug|Any CPU.Build.0 = Debug|Any CPU
		{DA57AE3F-28F6-48AB-8CDE-9A7738F78239}.Release|Any CPU.ActiveCfg = Release|Any CPU
		{DA57AE3F-28F6-48AB-8CDE-9A7738F78239}.Release|Any CPU.Build.0 = Release|Any CPU
		{8C8A6D3D-E111-4D63-A90E-10640592FA46}.Debug|Any CPU.ActiveCfg = Debug|Any CPU
		{8C8A6D3D-E111-4D63-A90E-10640592FA46}.Debug|Any CPU.Build.0 = Debug|Any CPU
		{8C8A6D3D-E111-4D63-A90E-10640592FA46}.Release|Any CPU.ActiveCfg = Release|Any CPU
		{8C8A6D3D-E111-4D63-A90E-10640592FA46}.Release|Any CPU.Build.0 = Release|Any CPU
		{11B3682F-DE41-455D-9B62-B46413FFDE19}.Debug|Any CPU.ActiveCfg = Debug|Any CPU
		{11B3682F-DE41-455D-9B62-B46413FFDE19}.Debug|Any CPU.Build.0 = Debug|Any CPU
		{11B3682F-DE41-455D-9B62-B46413FFDE19}.Release|Any CPU.ActiveCfg = Release|Any CPU
		{11B3682F-DE41-455D-9B62-B46413FFDE19}.Release|Any CPU.Build.0 = Release|Any CPU
		{F7379200-3C1D-4006-9891-D8DAE99077EF}.Debug|Any CPU.ActiveCfg = Debug|Any CPU
		{F7379200-3C1D-4006-9891-D8DAE99077EF}.Debug|Any CPU.Build.0 = Debug|Any CPU
		{F7379200-3C1D-4006-9891-D8DAE99077EF}.Release|Any CPU.ActiveCfg = Release|Any CPU
		{F7379200-3C1D-4006-9891-D8DAE99077EF}.Release|Any CPU.Build.0 = Release|Any CPU
		{27154C39-2016-4200-BC16-189BA114B60F}.Debug|Any CPU.ActiveCfg = Debug|Any CPU
		{27154C39-2016-4200-BC16-189BA114B60F}.Debug|Any CPU.Build.0 = Debug|Any CPU
		{27154C39-2016-4200-BC16-189BA114B60F}.Release|Any CPU.ActiveCfg = Release|Any CPU
		{27154C39-2016-4200-BC16-189BA114B60F}.Release|Any CPU.Build.0 = Release|Any CPU
		{B94C35D6-90C7-4D1C-BDF8-4B15C1FFF485}.Debug|Any CPU.ActiveCfg = Debug|Any CPU
		{B94C35D6-90C7-4D1C-BDF8-4B15C1FFF485}.Debug|Any CPU.Build.0 = Debug|Any CPU
		{B94C35D6-90C7-4D1C-BDF8-4B15C1FFF485}.Release|Any CPU.ActiveCfg = Release|Any CPU
		{B94C35D6-90C7-4D1C-BDF8-4B15C1FFF485}.Release|Any CPU.Build.0 = Release|Any CPU
		{CBCED6D3-AB45-46ED-9864-F63F69E247EF}.Debug|Any CPU.ActiveCfg = Debug|Any CPU
		{CBCED6D3-AB45-46ED-9864-F63F69E247EF}.Debug|Any CPU.Build.0 = Debug|Any CPU
		{CBCED6D3-AB45-46ED-9864-F63F69E247EF}.Release|Any CPU.ActiveCfg = Release|Any CPU
		{CBCED6D3-AB45-46ED-9864-F63F69E247EF}.Release|Any CPU.Build.0 = Release|Any CPU
		{4B19C726-1C76-4FAC-9039-A52B77B7B9A9}.Debug|Any CPU.ActiveCfg = Debug|Any CPU
		{4B19C726-1C76-4FAC-9039-A52B77B7B9A9}.Debug|Any CPU.Build.0 = Debug|Any CPU
		{4B19C726-1C76-4FAC-9039-A52B77B7B9A9}.Release|Any CPU.ActiveCfg = Release|Any CPU
		{4B19C726-1C76-4FAC-9039-A52B77B7B9A9}.Release|Any CPU.Build.0 = Release|Any CPU
		{150BFB61-0C41-409A-B1B3-FF8F1915E572}.Debug|Any CPU.ActiveCfg = Debug|Any CPU
		{150BFB61-0C41-409A-B1B3-FF8F1915E572}.Debug|Any CPU.Build.0 = Debug|Any CPU
		{150BFB61-0C41-409A-B1B3-FF8F1915E572}.Release|Any CPU.ActiveCfg = Release|Any CPU
		{150BFB61-0C41-409A-B1B3-FF8F1915E572}.Release|Any CPU.Build.0 = Release|Any CPU
		{58182864-A77F-43AB-B07E-513A3FFA21A6}.Debug|Any CPU.ActiveCfg = Debug|Any CPU
		{58182864-A77F-43AB-B07E-513A3FFA21A6}.Debug|Any CPU.Build.0 = Debug|Any CPU
		{58182864-A77F-43AB-B07E-513A3FFA21A6}.Release|Any CPU.ActiveCfg = Release|Any CPU
		{58182864-A77F-43AB-B07E-513A3FFA21A6}.Release|Any CPU.Build.0 = Release|Any CPU
		{D602C243-2789-4491-94E0-4E5D29E2CD95}.Debug|Any CPU.ActiveCfg = Debug|Any CPU
		{D602C243-2789-4491-94E0-4E5D29E2CD95}.Debug|Any CPU.Build.0 = Debug|Any CPU
		{D602C243-2789-4491-94E0-4E5D29E2CD95}.Release|Any CPU.ActiveCfg = Release|Any CPU
		{D602C243-2789-4491-94E0-4E5D29E2CD95}.Release|Any CPU.Build.0 = Release|Any CPU
		{C8F8F9BD-1D1F-473E-84C9-53E55B16EADF}.Debug|Any CPU.ActiveCfg = Debug|Any CPU
		{C8F8F9BD-1D1F-473E-84C9-53E55B16EADF}.Debug|Any CPU.Build.0 = Debug|Any CPU
		{C8F8F9BD-1D1F-473E-84C9-53E55B16EADF}.Release|Any CPU.ActiveCfg = Release|Any CPU
		{C8F8F9BD-1D1F-473E-84C9-53E55B16EADF}.Release|Any CPU.Build.0 = Release|Any CPU
	EndGlobalSection
	GlobalSection(SolutionProperties) = preSolution
		HideSolutionNode = FALSE
	EndGlobalSection
	GlobalSection(NestedProjects) = preSolution
		{DA57AE3F-28F6-48AB-8CDE-9A7738F78239} = {B2F9EB9A-B534-4A67-B76F-AF2DDC1FD8B4}
		{8C8A6D3D-E111-4D63-A90E-10640592FA46} = {75DF4BA8-ECF3-4DC7-8A61-43259EC0C22B}
		{E5703401-E459-4B22-B987-6FA9BD59557C} = {E066A3F5-1BCC-4DC2-B1D2-6F53BEA3B6C2}
		{D00327F0-1205-41FE-AE87-1CB08400E912} = {E066A3F5-1BCC-4DC2-B1D2-6F53BEA3B6C2}
		{4A0A5C2B-3F74-4D5A-AAAA-B3FBACB4767B} = {E066A3F5-1BCC-4DC2-B1D2-6F53BEA3B6C2}
		{11B3682F-DE41-455D-9B62-B46413FFDE19} = {4A0A5C2B-3F74-4D5A-AAAA-B3FBACB4767B}
		{F7379200-3C1D-4006-9891-D8DAE99077EF} = {4A0A5C2B-3F74-4D5A-AAAA-B3FBACB4767B}
		{27154C39-2016-4200-BC16-189BA114B60F} = {4A0A5C2B-3F74-4D5A-AAAA-B3FBACB4767B}
		{B94C35D6-90C7-4D1C-BDF8-4B15C1FFF485} = {E5703401-E459-4B22-B987-6FA9BD59557C}
		{CBCED6D3-AB45-46ED-9864-F63F69E247EF} = {E5703401-E459-4B22-B987-6FA9BD59557C}
		{4B19C726-1C76-4FAC-9039-A52B77B7B9A9} = {E5703401-E459-4B22-B987-6FA9BD59557C}
		{150BFB61-0C41-409A-B1B3-FF8F1915E572} = {E5703401-E459-4B22-B987-6FA9BD59557C}
		{58182864-A77F-43AB-B07E-513A3FFA21A6} = {E5703401-E459-4B22-B987-6FA9BD59557C}
		{D602C243-2789-4491-94E0-4E5D29E2CD95} = {D00327F0-1205-41FE-AE87-1CB08400E912}
		{C8F8F9BD-1D1F-473E-84C9-53E55B16EADF} = {D00327F0-1205-41FE-AE87-1CB08400E912}
	EndGlobalSection
	GlobalSection(ExtensibilityGlobals) = postSolution
		SolutionGuid = {8D25B639-C482-4C8D-8EF3-4A9F0E1B7351}
	EndGlobalSection
EndGlobal
