
Microsoft Visual Studio Solution File, Format Version 12.00
# Visual Studio 15
VisualStudioVersion = 15.0.26730.16
MinimumVisualStudioVersion = 10.0.40219.1
Project("{9A19103F-16F7-4668-BE54-9A1E7A4F7556}") = "Hotels", "Hotels\Hotels.csproj", "{15429B4D-716E-4D79-824C-52FE24609ACB}"
EndProject
Project("{2150E333-8FDC-42A3-9474-1A3956D46DE8}") = "Shared Code", "Shared Code", "{B2F9EB9A-B534-4A67-B76F-AF2DDC1FD8B4}"
EndProject
Project("{2150E333-8FDC-42A3-9474-1A3956D46DE8}") = "Services", "Services", "{E066A3F5-1BCC-4DC2-B1D2-6F53BEA3B6C2}"
EndProject
Project("{FAE04EC0-301F-11D3-BF4B-00C04F79EFBC}") = "commLib", "..\commLib\commLib.csproj", "{DA57AE3F-28F6-48AB-8CDE-9A7738F78239}"
EndProject
Project("{9A19103F-16F7-4668-BE54-9A1E7A4F7556}") = "WebPortal", "..\WebPortal\WebPortal.csproj", "{8C8A6D3D-E111-4D63-A90E-10640592FA46}"
EndProject
Project("{2150E333-8FDC-42A3-9474-1A3956D46DE8}") = "HotelService", "HotelService", "{31DA920F-FE57-416D-83A9-EA0FF05F49FC}"
EndProject
Project("{9A19103F-16F7-4668-BE54-9A1E7A4F7556}") = "HtlService", "..\HtlService\HtlService.csproj", "{DC6C5005-406C-4E62-ACDB-C8D6D5CFA388}"
EndProject
Project("{2150E333-8FDC-42A3-9474-1A3956D46DE8}") = "Web Portal", "Web Portal", "{75DF4BA8-ECF3-4DC7-8A61-43259EC0C22B}"
EndProject
Project("{FAE04EC0-301F-11D3-BF4B-00C04F79EFBC}") = "Travels", "Travel\Travels.csproj", "{660AA9B0-FC3C-4D4E-ADBD-6DC964566A7B}"
EndProject
Project("{FAE04EC0-301F-11D3-BF4B-00C04F79EFBC}") = "CarRentals", "CarRentals\CarRentals.csproj", "{2CF8EBCB-0710-4522-8D8C-FEC858F790C5}"
EndProject
Project("{FAE04EC0-301F-11D3-BF4B-00C04F79EFBC}") = "Flights", "FlightsWrite\Flights.csproj", "{0F6D35C7-2F1F-42BC-8B7A-45886087F5B2}"
EndProject
Project("{2150E333-8FDC-42A3-9474-1A3956D46DE8}") = "Administration", "Administration", "{8D0864D0-F8D4-49FD-B070-8FEB06616CCD}"
EndProject
Project("{2150E333-8FDC-42A3-9474-1A3956D46DE8}") = "Business Moules", "Business Moules", "{D9709D90-A454-4548-9FD6-37FB2E712E94}"
EndProject
Project("{2150E333-8FDC-42A3-9474-1A3956D46DE8}") = "Shared Services", "Shared Services", "{1E680667-6CB4-465F-AE10-06C82B2FA679}"
EndProject
Project("{FAE04EC0-301F-11D3-BF4B-00C04F79EFBC}") = "Payments", "Payments\Payments.csproj", "{804C9690-3663-4A6E-90EA-6C40F7A96BDE}"
EndProject
Project("{FAE04EC0-301F-11D3-BF4B-00C04F79EFBC}") = "Providers", "Providers\Providers.csproj", "{8B4C1D5C-8673-4E27-9E0B-E656191A71BD}"
EndProject
Project("{FAE04EC0-301F-11D3-BF4B-00C04F79EFBC}") = "Customers", "Customers\Customers.csproj", "{008977E7-BF01-49D2-9FAA-39D0026FB9DD}"
EndProject
Project("{FAE04EC0-301F-11D3-BF4B-00C04F79EFBC}") = "ZowaraAdmins", "ZowaraAdmins\ZowaraAdmins.csproj", "{BC2AD71C-4C00-4296-BE23-6D3F1EEB13D5}"
EndProject
Global
	GlobalSection(SolutionConfigurationPlatforms) = preSolution
		Debug|Any CPU = Debug|Any CPU
		Release|Any CPU = Release|Any CPU
	EndGlobalSection
	GlobalSection(ProjectConfigurationPlatforms) = postSolution
		{15429B4D-716E-4D79-824C-52FE24609ACB}.Debug|Any CPU.ActiveCfg = Debug|Any CPU
		{15429B4D-716E-4D79-824C-52FE24609ACB}.Debug|Any CPU.Build.0 = Debug|Any CPU
		{15429B4D-716E-4D79-824C-52FE24609ACB}.Release|Any CPU.ActiveCfg = Release|Any CPU
		{15429B4D-716E-4D79-824C-52FE24609ACB}.Release|Any CPU.Build.0 = Release|Any CPU
		{DA57AE3F-28F6-48AB-8CDE-9A7738F78239}.Debug|Any CPU.ActiveCfg = Debug|Any CPU
		{DA57AE3F-28F6-48AB-8CDE-9A7738F78239}.Debug|Any CPU.Build.0 = Debug|Any CPU
		{DA57AE3F-28F6-48AB-8CDE-9A7738F78239}.Release|Any CPU.ActiveCfg = Release|Any CPU
		{DA57AE3F-28F6-48AB-8CDE-9A7738F78239}.Release|Any CPU.Build.0 = Release|Any CPU
		{8C8A6D3D-E111-4D63-A90E-10640592FA46}.Debug|Any CPU.ActiveCfg = Debug|Any CPU
		{8C8A6D3D-E111-4D63-A90E-10640592FA46}.Debug|Any CPU.Build.0 = Debug|Any CPU
		{8C8A6D3D-E111-4D63-A90E-10640592FA46}.Release|Any CPU.ActiveCfg = Release|Any CPU
		{8C8A6D3D-E111-4D63-A90E-10640592FA46}.Release|Any CPU.Build.0 = Release|Any CPU
		{DC6C5005-406C-4E62-ACDB-C8D6D5CFA388}.Debug|Any CPU.ActiveCfg = Debug|Any CPU
		{DC6C5005-406C-4E62-ACDB-C8D6D5CFA388}.Debug|Any CPU.Build.0 = Debug|Any CPU
		{DC6C5005-406C-4E62-ACDB-C8D6D5CFA388}.Release|Any CPU.ActiveCfg = Release|Any CPU
		{DC6C5005-406C-4E62-ACDB-C8D6D5CFA388}.Release|Any CPU.Build.0 = Release|Any CPU
		{660AA9B0-FC3C-4D4E-ADBD-6DC964566A7B}.Debug|Any CPU.ActiveCfg = Debug|Any CPU
		{660AA9B0-FC3C-4D4E-ADBD-6DC964566A7B}.Debug|Any CPU.Build.0 = Debug|Any CPU
		{660AA9B0-FC3C-4D4E-ADBD-6DC964566A7B}.Release|Any CPU.ActiveCfg = Release|Any CPU
		{660AA9B0-FC3C-4D4E-ADBD-6DC964566A7B}.Release|Any CPU.Build.0 = Release|Any CPU
		{2CF8EBCB-0710-4522-8D8C-FEC858F790C5}.Debug|Any CPU.ActiveCfg = Debug|Any CPU
		{2CF8EBCB-0710-4522-8D8C-FEC858F790C5}.Debug|Any CPU.Build.0 = Debug|Any CPU
		{2CF8EBCB-0710-4522-8D8C-FEC858F790C5}.Release|Any CPU.ActiveCfg = Release|Any CPU
		{2CF8EBCB-0710-4522-8D8C-FEC858F790C5}.Release|Any CPU.Build.0 = Release|Any CPU
		{0F6D35C7-2F1F-42BC-8B7A-45886087F5B2}.Debug|Any CPU.ActiveCfg = Debug|Any CPU
		{0F6D35C7-2F1F-42BC-8B7A-45886087F5B2}.Debug|Any CPU.Build.0 = Debug|Any CPU
		{0F6D35C7-2F1F-42BC-8B7A-45886087F5B2}.Release|Any CPU.ActiveCfg = Release|Any CPU
		{0F6D35C7-2F1F-42BC-8B7A-45886087F5B2}.Release|Any CPU.Build.0 = Release|Any CPU
		{804C9690-3663-4A6E-90EA-6C40F7A96BDE}.Debug|Any CPU.ActiveCfg = Debug|Any CPU
		{804C9690-3663-4A6E-90EA-6C40F7A96BDE}.Debug|Any CPU.Build.0 = Debug|Any CPU
		{804C9690-3663-4A6E-90EA-6C40F7A96BDE}.Release|Any CPU.ActiveCfg = Release|Any CPU
		{804C9690-3663-4A6E-90EA-6C40F7A96BDE}.Release|Any CPU.Build.0 = Release|Any CPU
		{8B4C1D5C-8673-4E27-9E0B-E656191A71BD}.Debug|Any CPU.ActiveCfg = Debug|Any CPU
		{8B4C1D5C-8673-4E27-9E0B-E656191A71BD}.Debug|Any CPU.Build.0 = Debug|Any CPU
		{8B4C1D5C-8673-4E27-9E0B-E656191A71BD}.Release|Any CPU.ActiveCfg = Release|Any CPU
		{8B4C1D5C-8673-4E27-9E0B-E656191A71BD}.Release|Any CPU.Build.0 = Release|Any CPU
		{008977E7-BF01-49D2-9FAA-39D0026FB9DD}.Debug|Any CPU.ActiveCfg = Debug|Any CPU
		{008977E7-BF01-49D2-9FAA-39D0026FB9DD}.Debug|Any CPU.Build.0 = Debug|Any CPU
		{008977E7-BF01-49D2-9FAA-39D0026FB9DD}.Release|Any CPU.ActiveCfg = Release|Any CPU
		{008977E7-BF01-49D2-9FAA-39D0026FB9DD}.Release|Any CPU.Build.0 = Release|Any CPU
		{BC2AD71C-4C00-4296-BE23-6D3F1EEB13D5}.Debug|Any CPU.ActiveCfg = Debug|Any CPU
		{BC2AD71C-4C00-4296-BE23-6D3F1EEB13D5}.Debug|Any CPU.Build.0 = Debug|Any CPU
		{BC2AD71C-4C00-4296-BE23-6D3F1EEB13D5}.Release|Any CPU.ActiveCfg = Release|Any CPU
		{BC2AD71C-4C00-4296-BE23-6D3F1EEB13D5}.Release|Any CPU.Build.0 = Release|Any CPU
	EndGlobalSection
	GlobalSection(SolutionProperties) = preSolution
		HideSolutionNode = FALSE
	EndGlobalSection
	GlobalSection(NestedProjects) = preSolution
		{15429B4D-716E-4D79-824C-52FE24609ACB} = {D9709D90-A454-4548-9FD6-37FB2E712E94}
		{DA57AE3F-28F6-48AB-8CDE-9A7738F78239} = {B2F9EB9A-B534-4A67-B76F-AF2DDC1FD8B4}
		{8C8A6D3D-E111-4D63-A90E-10640592FA46} = {75DF4BA8-ECF3-4DC7-8A61-43259EC0C22B}
		{DC6C5005-406C-4E62-ACDB-C8D6D5CFA388} = {31DA920F-FE57-416D-83A9-EA0FF05F49FC}
		{660AA9B0-FC3C-4D4E-ADBD-6DC964566A7B} = {D9709D90-A454-4548-9FD6-37FB2E712E94}
		{2CF8EBCB-0710-4522-8D8C-FEC858F790C5} = {D9709D90-A454-4548-9FD6-37FB2E712E94}
		{0F6D35C7-2F1F-42BC-8B7A-45886087F5B2} = {D9709D90-A454-4548-9FD6-37FB2E712E94}
		{8D0864D0-F8D4-49FD-B070-8FEB06616CCD} = {E066A3F5-1BCC-4DC2-B1D2-6F53BEA3B6C2}
		{D9709D90-A454-4548-9FD6-37FB2E712E94} = {E066A3F5-1BCC-4DC2-B1D2-6F53BEA3B6C2}
		{1E680667-6CB4-465F-AE10-06C82B2FA679} = {E066A3F5-1BCC-4DC2-B1D2-6F53BEA3B6C2}
		{804C9690-3663-4A6E-90EA-6C40F7A96BDE} = {1E680667-6CB4-465F-AE10-06C82B2FA679}
		{8B4C1D5C-8673-4E27-9E0B-E656191A71BD} = {8D0864D0-F8D4-49FD-B070-8FEB06616CCD}
		{008977E7-BF01-49D2-9FAA-39D0026FB9DD} = {8D0864D0-F8D4-49FD-B070-8FEB06616CCD}
		{BC2AD71C-4C00-4296-BE23-6D3F1EEB13D5} = {8D0864D0-F8D4-49FD-B070-8FEB06616CCD}
	EndGlobalSection
	GlobalSection(ExtensibilityGlobals) = postSolution
		SolutionGuid = {8D25B639-C482-4C8D-8EF3-4A9F0E1B7351}
	EndGlobalSection
EndGlobal
